
Microsoft Visual Studio Solution File, Format Version 12.00
# Visual Studio Version 17
VisualStudioVersion = 17.7.34024.191
MinimumVisualStudioVersion = 10.0.40219.1
Project("{FAE04EC0-301F-11D3-BF4B-00C04F79EFBC}") = "GolfScoreCard", "GolfScoreCard\GolfScoreCard.csproj", "{12406B46-02C1-4B62-92E0-6C03E777412A}"
EndProject
Global
	GlobalSection(SolutionConfigurationPlatforms) = preSolution
		Debug|Any CPU = Debug|Any CPU
		Release|Any CPU = Release|Any CPU
	EndGlobalSection
	GlobalSection(ProjectConfigurationPlatforms) = postSolution
		{12406B46-02C1-4B62-92E0-6C03E777412A}.Debug|Any CPU.ActiveCfg = Debug|Any CPU
		{12406B46-02C1-4B62-92E0-6C03E777412A}.Debug|Any CPU.Build.0 = Debug|Any CPU
		{12406B46-02C1-4B62-92E0-6C03E777412A}.Release|Any CPU.ActiveCfg = Release|Any CPU
		{12406B46-02C1-4B62-92E0-6C03E777412A}.Release|Any CPU.Build.0 = Release|Any CPU
	EndGlobalSection
	GlobalSection(SolutionProperties) = preSolution
		HideSolutionNode = FALSE
	EndGlobalSection
	GlobalSection(ExtensibilityGlobals) = postSolution
		SolutionGuid = {5E08E019-F211-4349-823D-CD64F19A2D75}
	EndGlobalSection
EndGlobal
